{
    "version": 3,
    "terraform_version": "0.11.13",
    "serial": 3,
    "lineage": "d751c5bf-2c5a-49ba-d187-4bb350079cfc",
    "modules": [
        {
            "path": [
                "root"
            ],
            "outputs": {
                "container_name": {
                    "sensitive": false,
                    "type": "string",
                    "value": "blog_prod"
                },
                "ip_address": {
                    "sensitive": false,
                    "type": "string",
                    "value": "172.17.0.3"
                }
            },
            "resources": {
                "docker_container.container_id": {
                    "type": "docker_container",
                    "depends_on": [
                        "docker_image.image_id"
                    ],
                    "primary": {
                        "id": "eaa06eb546f58dc0e5b0f7d9dd3155290b76ed99df1ab9dd75fdc9efe012dde8",
                        "attributes": {
                            "attach": "false",
                            "bridge": "",
                            "gateway": "172.17.0.1",
                            "id": "eaa06eb546f58dc0e5b0f7d9dd3155290b76ed99df1ab9dd75fdc9efe012dde8",
                            "image": "sha256:08d66971724c016f7b2c4a383178ee9e46b5cafa3a4a0faec70942f264f365d1",
                            "ip_address": "172.17.0.3",
                            "ip_prefix_length": "16",
                            "log_driver": "json-file",
                            "logs": "false",
                            "must_run": "true",
                            "name": "blog_prod",
                            "network_data.#": "1",
                            "network_data.0.gateway": "172.17.0.1",
                            "network_data.0.ip_address": "172.17.0.3",
                            "network_data.0.ip_prefix_length": "16",
                            "network_data.0.network_name": "bridge",
                            "ports.#": "1",
                            "ports.0.external": "80",
                            "ports.0.internal": "2368",
                            "ports.0.ip": "0.0.0.0",
                            "ports.0.protocol": "tcp",
                            "restart": "no",
                            "rm": "false",
                            "start": "true"
                        },
                        "meta": {
                            "schema_version": "1"
                        },
                        "tainted": false
                    },
                    "deposed": [],
                    "provider": "provider.docker"
                },
                "docker_image.image_id": {
                    "type": "docker_image",
                    "depends_on": [],
                    "primary": {
                        "id": "sha256:08d66971724c016f7b2c4a383178ee9e46b5cafa3a4a0faec70942f264f365d1ghost:alpine",
                        "attributes": {
                            "id": "sha256:08d66971724c016f7b2c4a383178ee9e46b5cafa3a4a0faec70942f264f365d1ghost:alpine",
                            "latest": "sha256:08d66971724c016f7b2c4a383178ee9e46b5cafa3a4a0faec70942f264f365d1",
                            "name": "ghost:alpine"
                        },
                        "meta": {},
                        "tainted": false
                    },
                    "deposed": [],
                    "provider": "provider.docker"
                }
            },
            "depends_on": []
        }
    ]
}
