{
    "version": 3,
    "terraform_version": "0.11.13",
    "serial": 5,
    "lineage": "8a760a0c-e985-9261-5deb-9f77eb3cc63f",
    "modules": [
        {
            "path": [
                "root"
            ],
            "outputs": {
                "container_name": {
                    "sensitive": false,
                    "type": "string",
                    "value": "blog_dev"
                },
                "ip_address": {
                    "sensitive": false,
                    "type": "string",
                    "value": "172.17.0.2"
                }
            },
            "resources": {
                "docker_container.container_id": {
                    "type": "docker_container",
                    "depends_on": [
                        "docker_image.image_id"
                    ],
                    "primary": {
                        "id": "cd83189e65ada2ded2fe5c5fd725e0ee166913c52230d4cc2bfd7890fcab6804",
                        "attributes": {
                            "attach": "false",
                            "bridge": "",
                            "gateway": "172.17.0.1",
                            "id": "cd83189e65ada2ded2fe5c5fd725e0ee166913c52230d4cc2bfd7890fcab6804",
                            "image": "sha256:faa33ac91a8f092b50f862e237b01d725711682bb316ffa830e72d99dc7d9511",
                            "ip_address": "172.17.0.2",
                            "ip_prefix_length": "16",
                            "log_driver": "json-file",
                            "logs": "false",
                            "must_run": "true",
                            "name": "blog_dev",
                            "network_data.#": "1",
                            "network_data.0.gateway": "172.17.0.1",
                            "network_data.0.ip_address": "172.17.0.2",
                            "network_data.0.ip_prefix_length": "16",
                            "network_data.0.network_name": "bridge",
                            "ports.#": "1",
                            "ports.0.external": "8081",
                            "ports.0.internal": "2368",
                            "ports.0.ip": "0.0.0.0",
                            "ports.0.protocol": "tcp",
                            "restart": "no",
                            "rm": "false",
                            "start": "true"
                        },
                        "meta": {
                            "schema_version": "1"
                        },
                        "tainted": false
                    },
                    "deposed": [],
                    "provider": "provider.docker"
                },
                "docker_image.image_id": {
                    "type": "docker_image",
                    "depends_on": [],
                    "primary": {
                        "id": "sha256:faa33ac91a8f092b50f862e237b01d725711682bb316ffa830e72d99dc7d9511ghost:latest",
                        "attributes": {
                            "id": "sha256:faa33ac91a8f092b50f862e237b01d725711682bb316ffa830e72d99dc7d9511ghost:latest",
                            "latest": "sha256:faa33ac91a8f092b50f862e237b01d725711682bb316ffa830e72d99dc7d9511",
                            "name": "ghost:latest"
                        },
                        "meta": {},
                        "tainted": false
                    },
                    "deposed": [],
                    "provider": "provider.docker"
                },
                "null_resource.null_id": {
                    "type": "null_resource",
                    "depends_on": [
                        "docker_container.container_id"
                    ],
                    "primary": {
                        "id": "7815776122696416861",
                        "attributes": {
                            "id": "7815776122696416861"
                        },
                        "meta": {},
                        "tainted": false
                    },
                    "deposed": [],
                    "provider": "provider.null"
                }
            },
            "depends_on": []
        }
    ]
}
